{
  "name": "plax",
  "version": "1.0.0",
  "lockfileVersion": 1,
  "requires": true,
  "dependencies": {
    "ellyjs": {
      "version": "1.0.0",
      "resolved": "https://registry.npmjs.org/ellyjs/-/ellyjs-1.0.0.tgz",
      "integrity": "sha512-p5xMTg2mRPS80dfGEMjxLeHynWae0ivo39tqnPMpckyC46SAQImMe40KNRa381p6GpB3u//C4FSJyoKBGqkxZw==",
      "requires": {
        "toolpouchjs": "^1.0.0"
      }
    },
    "toolpouchjs": {
      "version": "1.0.0",
      "resolved": "https://registry.npmjs.org/toolpouchjs/-/toolpouchjs-1.0.0.tgz",
      "integrity": "sha512-G4186VUUxLPRwd7rvbAtdXdANHM26/81vBnoTc1dDgwUHZzNllCSt+doY9m1uUEZgtFQWjcR8Zq/mEOVf7XIcA=="
    }
  }
}
